<?xml version="1.0" encoding="UTF-8" standalone="yes" ?>
<CodeBlocks_project_file>
	<FileVersion major="1" minor="6" />
	<Project>
		<Option title="C++" />
		<Option pch_mode="2" />
		<Option compiler="gcc" />
		<Build>
			<Target title="Debug">
				<Option output="bin/Debug/C++" prefix_auto="1" extension_auto="1" />
				<Option object_output="obj/Debug/" />
				<Option type="1" />
				<Option compiler="gcc" />
				<Compiler>
					<Add option="-g" />
				</Compiler>
			</Target>
			<Target title="Release">
				<Option output="bin/Release/C++" prefix_auto="1" extension_auto="1" />
				<Option object_output="obj/Release/" />
				<Option type="1" />
				<Option compiler="gcc" />
				<Compiler>
					<Add option="-O2" />
				</Compiler>
				<Linker>
					<Add option="-s" />
				</Linker>
			</Target>
		</Build>
		<Compiler>
			<Add option="-Wall" />
			<Add option="-std=c++11" />
			<Add option="-fexceptions" />
			<Add option="-IPython39" />
		</Compiler>
		<ResourceCompiler>
			<Add directory="C:/Users/user/AppData/Local/Programs/Python/Python39/include" />
		</ResourceCompiler>
		<Linker>
			<Add directory="C:/Users/user/AppData/Local/Programs/Python/Python39/include" />
		</Linker>
		<Unit filename="Animal.cpp" />
		<Unit filename="Animal.h" />
		<Unit filename="Bateau.cpp" />
		<Unit filename="Bateau.h" />
		<Unit filename="Batiment.cpp" />
		<Unit filename="Batiment.h" />
		<Unit filename="Bonus.cpp" />
		<Unit filename="Bonus.h" />
		<Unit filename="Case.cpp" />
		<Unit filename="Case.h" />
		<Unit filename="Chateaux.cpp" />
		<Unit filename="Chateaux.h" />
		<Unit filename="Connaissance.cpp" />
		<Unit filename="Connaissance.h" />
		<Unit filename="De.cpp" />
		<Unit filename="De.h" />
		<Unit filename="DosNoir.cpp" />
		<Unit filename="DosNoir.h" />
		<Unit filename="FinDePartie.cpp" />
		<Unit filename="FinDePartie.h" />
		<Unit filename="IA.cpp">
			<Option target="Debug" />
		</Unit>
		<Unit filename="IA.h">
			<Option target="Debug" />
		</Unit>
		<Unit filename="Initialisation.cpp" />
		<Unit filename="Initialisation.h" />
		<Unit filename="Marchandise.cpp" />
		<Unit filename="Marchandise.h" />
		<Unit filename="Mine.cpp" />
		<Unit filename="Mine.h" />
		<Unit filename="Noeud.cpp" />
		<Unit filename="Noeud.h" />
		<Unit filename="Partie.cpp" />
		<Unit filename="Partie.h" />
		<Unit filename="Plateau.cpp" />
		<Unit filename="Plateau.h" />
		<Unit filename="PlateauCentral.cpp" />
		<Unit filename="PlateauCentral.h" />
		<Unit filename="PlateauJoueur.cpp" />
		<Unit filename="PlateauJoueur.h" />
		<Unit filename="Simulateur.cpp" />
		<Unit filename="Simulateur.h" />
		<Unit filename="Tuiles.cpp" />
		<Unit filename="Tuiles.h" />
		<Unit filename="affichageTest.cpp" />
		<Unit filename="affichageTest.h" />
		<Unit filename="main.cpp" />
		<Extensions>
			<code_completion />
			<envvars />
			<debugger />
			<lib_finder disable_auto="1" />
		</Extensions>
	</Project>
</CodeBlocks_project_file>
